{
  "nodes": {
    "erosanix": {
      "inputs": {
        "flake-compat": "flake-compat",
        "nixpkgs": "nixpkgs"
      },
      "locked": {
        "lastModified": 1725970978,
        "narHash": "sha256-abJz6sud8L5Hbx1CEf9WLc8Z/9hKIQHQjKdmZAiKE50=",
        "owner": "emmanuelrosa",
        "repo": "erosanix",
        "rev": "6db634879f5c8b87aadd23e489d28033bfbb8d32",
        "type": "github"
      },
      "original": {
        "owner": "emmanuelrosa",
        "repo": "erosanix",
        "type": "github"
      }
    },
    "flake-compat": {
      "flake": false,
      "locked": {
        "lastModified": 1673956053,
        "narHash": "sha256-4gtG9iQuiKITOjNQQeQIpoIB6b16fm+504Ch3sNKLd8=",
        "owner": "edolstra",
        "repo": "flake-compat",
        "rev": "35bb57c0c8d8b62bbfd284272c928ceb64ddbde9",
        "type": "github"
      },
      "original": {
        "owner": "edolstra",
        "repo": "flake-compat",
        "type": "github"
      }
    },
    "nixpkgs": {
      "locked": {
        "lastModified": 1724944791,
        "narHash": "sha256-l+P009ss4a1Bdvea1P7nbousxhXids1geL7bBrhYL/w=",
        "owner": "NixOS",
        "repo": "nixpkgs",
        "rev": "8843893c9b842fcac17263a5700ee496e2cbee7f",
        "type": "github"
      },
      "original": {
        "owner": "NixOS",
        "ref": "master",
        "repo": "nixpkgs",
        "type": "github"
      }
    },
    "nixpkgs_2": {
      "locked": {
        "lastModified": 1726033636,
        "narHash": "sha256-U5BSY461QUg9x0fatmPSczjVpszOJTdJWQVmFTxt9LU=",
        "owner": "NixOS",
        "repo": "nixpkgs",
        "rev": "62f0186c41a3f1398e3e025f7dc0ccc603482d5a",
        "type": "github"
      },
      "original": {
        "owner": "NixOS",
        "ref": "master",
        "repo": "nixpkgs",
        "type": "github"
      }
    },
    "root": {
      "inputs": {
        "erosanix": "erosanix",
        "nixpkgs": "nixpkgs_2"
      }
    }
  },
  "root": "root",
  "version": 7
}
